Microsoft Visual Studio Solution File, Format Version 12.00
# Visual Studio Version 17
VisualStudioVersion = 17.0.31903.59
MinimumVisualStudioVersion = 10.0.40219.1
Project("{8BC9CEB8-8B4A-11D0-8D11-00A0C91BC942}") = "CoreLib", "src\CoreLib\CoreLib.vcxproj", "{6E04C36F-3672-4257-B250-DA34DA7F6A42}"
EndProject
Project("{8BC9CEB8-8B4A-11D0-8D11-00A0C91BC942}") = "GateBoyApp", "src\GateBoyApp\GateBoyApp.vcxproj", "{422DFD70-AFBE-4065-A188-C100C5D48A3E}"
	ProjectSection(ProjectDependencies) = postProject
		{6E04C36F-3672-4257-B250-DA34DA7F6A42} = {6E04C36F-3672-4257-B250-DA34DA7F6A42}
		{D49827C4-6D3C-4913-8A4B-4859BA529A5D} = {D49827C4-6D3C-4913-8A4B-4859BA529A5D}
		{DD435BF9-43AE-4066-A8A3-F7BEE8D28AD2} = {DD435BF9-43AE-4066-A8A3-F7BEE8D28AD2}
	EndProjectSection
EndProject
Project("{8BC9CEB8-8B4A-11D0-8D11-00A0C91BC942}") = "GateBoyLib", "src\GateBoyLib\GateBoyLib.vcxproj", "{D49827C4-6D3C-4913-8A4B-4859BA529A5D}"
	ProjectSection(ProjectDependencies) = postProject
		{6E04C36F-3672-4257-B250-DA34DA7F6A42} = {6E04C36F-3672-4257-B250-DA34DA7F6A42}
	EndProjectSection
EndProject
Project("{8BC9CEB8-8B4A-11D0-8D11-00A0C91BC942}") = "GateBoyTests", "src\GateBoyTests\GateBoyTests.vcxproj", "{65F1BEA1-A088-47CC-842E-8560A22101B5}"
	ProjectSection(ProjectDependencies) = postProject
		{6E04C36F-3672-4257-B250-DA34DA7F6A42} = {6E04C36F-3672-4257-B250-DA34DA7F6A42}
		{D49827C4-6D3C-4913-8A4B-4859BA529A5D} = {D49827C4-6D3C-4913-8A4B-4859BA529A5D}
	EndProjectSection
EndProject
Project("{8BC9CEB8-8B4A-11D0-8D11-00A0C91BC942}") = "AppLib", "src\AppLib\AppLib.vcxproj", "{DD435BF9-43AE-4066-A8A3-F7BEE8D28AD2}"
	ProjectSection(ProjectDependencies) = postProject
		{6E04C36F-3672-4257-B250-DA34DA7F6A42} = {6E04C36F-3672-4257-B250-DA34DA7F6A42}
	EndProjectSection
EndProject
Project("{8BC9CEB8-8B4A-11D0-8D11-00A0C91BC942}") = "MetroBoyApp", "src\MetroBoyApp\MetroBoyApp.vcxproj", "{85AA9C7C-DC6D-4666-AF72-A6F97A3E0DEA}"
	ProjectSection(ProjectDependencies) = postProject
		{6E04C36F-3672-4257-B250-DA34DA7F6A42} = {6E04C36F-3672-4257-B250-DA34DA7F6A42}
		{887D1DCF-E7BA-4497-9755-101E6C5BBBD1} = {887D1DCF-E7BA-4497-9755-101E6C5BBBD1}
		{DD435BF9-43AE-4066-A8A3-F7BEE8D28AD2} = {DD435BF9-43AE-4066-A8A3-F7BEE8D28AD2}
	EndProjectSection
EndProject
Project("{8BC9CEB8-8B4A-11D0-8D11-00A0C91BC942}") = "MetroBoyLib", "src\MetroBoyLib\MetroBoyLib.vcxproj", "{887D1DCF-E7BA-4497-9755-101E6C5BBBD1}"
EndProject
Project("{8BC9CEB8-8B4A-11D0-8D11-00A0C91BC942}") = "MetroBoyTests", "src\MetroBoyTests\MetroBoyTests.vcxproj", "{B508ED94-47CC-425C-B2F0-D9278A262207}"
EndProject
Project("{8BC9CEB8-8B4A-11D0-8D11-00A0C91BC942}") = "Plait", "src\Plait\Plait.vcxproj", "{102DDF49-D6E2-4B48-8FBB-739003ACE370}"
EndProject
Project("{2150E333-8FDC-42A3-9474-1A3956D46DE8}") = "Libs", "Libs", "{8BFC4262-B3BA-4CB6-8199-FE4EF2E72406}"
EndProject
Project("{8BC9CEB8-8B4A-11D0-8D11-00A0C91BC942}") = "MetronApp", "src\Metron\Metron.vcxproj", "{66066533-DE54-4241-8C3F-15FC0D993537}"
	ProjectSection(ProjectDependencies) = postProject
		{50CBE33D-A4AE-4202-B80D-49F27ECD10E2} = {50CBE33D-A4AE-4202-B80D-49F27ECD10E2}
		{6E04C36F-3672-4257-B250-DA34DA7F6A42} = {6E04C36F-3672-4257-B250-DA34DA7F6A42}
	EndProjectSection
EndProject
Project("{8BC9CEB8-8B4A-11D0-8D11-00A0C91BC942}") = "uart_test", "src\Metron\uart_test\uart_test_mt.vcxproj", "{876DB2BF-A5DA-4E00-8AE0-EC9DC8AD5BC5}"
EndProject
Project("{2150E333-8FDC-42A3-9474-1A3956D46DE8}") = "Metron", "Metron", "{FA08421C-2CF6-4839-8A75-CFD3ADBD9E35}"
	ProjectSection(SolutionItems) = preProject
		src\Metron\build.ninja = src\Metron\build.ninja
		src\Metron\message.txt = src\Metron\message.txt
	EndProjectSection
EndProject
Project("{2150E333-8FDC-42A3-9474-1A3956D46DE8}") = "Plait", "Plait", "{167A0946-F6E3-4840-8E9C-C3E5DD96D71F}"
EndProject
Project("{2150E333-8FDC-42A3-9474-1A3956D46DE8}") = "MetroBoy", "MetroBoy", "{043F7473-BACD-4D7B-AF7D-B6B438D14BCC}"
EndProject
Project("{2150E333-8FDC-42A3-9474-1A3956D46DE8}") = "GateBoy", "GateBoy", "{5C8B46FF-6852-4892-B0A9-D9647A6DB8EA}"
EndProject
Project("{8BC9CEB8-8B4A-11D0-8D11-00A0C91BC942}") = "MetronTest", "src\Metron\MetronTest.vcxproj", "{73D9A771-6462-4D34-93E4-08620FFFBE0F}"
	ProjectSection(ProjectDependencies) = postProject
		{50CBE33D-A4AE-4202-B80D-49F27ECD10E2} = {50CBE33D-A4AE-4202-B80D-49F27ECD10E2}
		{6E04C36F-3672-4257-B250-DA34DA7F6A42} = {6E04C36F-3672-4257-B250-DA34DA7F6A42}
	EndProjectSection
EndProject
Project("{8BC9CEB8-8B4A-11D0-8D11-00A0C91BC942}") = "MetronLib", "src\Metron\MetronLib.vcxproj", "{50CBE33D-A4AE-4202-B80D-49F27ECD10E2}"
EndProject
Project("{2150E333-8FDC-42A3-9474-1A3956D46DE8}") = "rvsimple", "rvsimple", "{9E7E904C-1F1B-40D1-93BA-FCB5FA6155FE}"
	ProjectSection(SolutionItems) = preProject
		src\Metron\rvsimple\adder.cpp = src\Metron\rvsimple\adder.cpp
		src\Metron\rvsimple\adder.h = src\Metron\rvsimple\adder.h
		src\Metron\rvsimple\alu.cpp = src\Metron\rvsimple\alu.cpp
		src\Metron\rvsimple\alu.h = src\Metron\rvsimple\alu.h
		src\Metron\rvsimple\alu_control.cpp = src\Metron\rvsimple\alu_control.cpp
		src\Metron\rvsimple\alu_control.h = src\Metron\rvsimple\alu_control.h
		src\Metron\rvsimple\config.cpp = src\Metron\rvsimple\config.cpp
		src\Metron\rvsimple\config.h = src\Metron\rvsimple\config.h
		src\Metron\rvsimple\constants.cpp = src\Metron\rvsimple\constants.cpp
		src\Metron\rvsimple\constants.h = src\Metron\rvsimple\constants.h
		src\Metron\rvsimple\control_transfer.cpp = src\Metron\rvsimple\control_transfer.cpp
		src\Metron\rvsimple\control_transfer.h = src\Metron\rvsimple\control_transfer.h
		src\Metron\rvsimple\data_memory_interface.cpp = src\Metron\rvsimple\data_memory_interface.cpp
		src\Metron\rvsimple\data_memory_interface.h = src\Metron\rvsimple\data_memory_interface.h
		src\Metron\rvsimple\example_data_memory.cpp = src\Metron\rvsimple\example_data_memory.cpp
		src\Metron\rvsimple\example_data_memory.h = src\Metron\rvsimple\example_data_memory.h
		src\Metron\rvsimple\example_data_memory_bus.cpp = src\Metron\rvsimple\example_data_memory_bus.cpp
		src\Metron\rvsimple\example_data_memory_bus.h = src\Metron\rvsimple\example_data_memory_bus.h
		src\Metron\rvsimple\example_memory_bus.cpp = src\Metron\rvsimple\example_memory_bus.cpp
		src\Metron\rvsimple\example_memory_bus.h = src\Metron\rvsimple\example_memory_bus.h
		src\Metron\rvsimple\example_text_memory.cpp = src\Metron\rvsimple\example_text_memory.cpp
		src\Metron\rvsimple\example_text_memory.h = src\Metron\rvsimple\example_text_memory.h
		src\Metron\rvsimple\example_text_memory_bus.cpp = src\Metron\rvsimple\example_text_memory_bus.cpp
		src\Metron\rvsimple\example_text_memory_bus.h = src\Metron\rvsimple\example_text_memory_bus.h
		src\Metron\rvsimple\immediate_generator.cpp = src\Metron\rvsimple\immediate_generator.cpp
		src\Metron\rvsimple\immediate_generator.h = src\Metron\rvsimple\immediate_generator.h
		src\Metron\rvsimple\instruction_decoder.cpp = src\Metron\rvsimple\instruction_decoder.cpp
		src\Metron\rvsimple\instruction_decoder.h = src\Metron\rvsimple\instruction_decoder.h
		src\Metron\rvsimple\multiplexer.cpp = src\Metron\rvsimple\multiplexer.cpp
		src\Metron\rvsimple\multiplexer.h = src\Metron\rvsimple\multiplexer.h
		src\Metron\rvsimple\multiplexer2.cpp = src\Metron\rvsimple\multiplexer2.cpp
		src\Metron\rvsimple\multiplexer2.h = src\Metron\rvsimple\multiplexer2.h
		src\Metron\rvsimple\multiplexer4.cpp = src\Metron\rvsimple\multiplexer4.cpp
		src\Metron\rvsimple\multiplexer4.h = src\Metron\rvsimple\multiplexer4.h
		src\Metron\rvsimple\multiplexer8.cpp = src\Metron\rvsimple\multiplexer8.cpp
		src\Metron\rvsimple\multiplexer8.h = src\Metron\rvsimple\multiplexer8.h
		src\Metron\rvsimple\regfile.cpp = src\Metron\rvsimple\regfile.cpp
		src\Metron\rvsimple\regfile.h = src\Metron\rvsimple\regfile.h
		src\Metron\rvsimple\register.cpp = src\Metron\rvsimple\register.cpp
		src\Metron\rvsimple\register.h = src\Metron\rvsimple\register.h
		src\Metron\rvsimple\riscv_core.cpp = src\Metron\rvsimple\riscv_core.cpp
		src\Metron\rvsimple\riscv_core.h = src\Metron\rvsimple\riscv_core.h
		src\Metron\rvsimple\singlecycle_control.cpp = src\Metron\rvsimple\singlecycle_control.cpp
		src\Metron\rvsimple\singlecycle_control.h = src\Metron\rvsimple\singlecycle_control.h
		src\Metron\rvsimple\singlecycle_ctlpath.cpp = src\Metron\rvsimple\singlecycle_ctlpath.cpp
		src\Metron\rvsimple\singlecycle_ctlpath.h = src\Metron\rvsimple\singlecycle_ctlpath.h
		src\Metron\rvsimple\singlecycle_datapath.cpp = src\Metron\rvsimple\singlecycle_datapath.cpp
		src\Metron\rvsimple\singlecycle_datapath.h = src\Metron\rvsimple\singlecycle_datapath.h
		src\Metron\rvsimple\toplevel.cpp = src\Metron\rvsimple\toplevel.cpp
		src\Metron\rvsimple\toplevel.h = src\Metron\rvsimple\toplevel.h
	EndProjectSection
EndProject
Project("{2150E333-8FDC-42A3-9474-1A3956D46DE8}") = "rvsimple generated", "rvsimple generated", "{19FBF839-DE03-487A-A74D-7CBFA7095E7C}"
	ProjectSection(SolutionItems) = preProject
		src\Metron\generated\rvsimple\adder.h.sv = src\Metron\generated\rvsimple\adder.h.sv
		src\Metron\generated\rvsimple\alu.h.sv = src\Metron\generated\rvsimple\alu.h.sv
		src\Metron\generated\rvsimple\alu_control.h.sv = src\Metron\generated\rvsimple\alu_control.h.sv
		src\Metron\generated\rvsimple\config.h.sv = src\Metron\generated\rvsimple\config.h.sv
		src\Metron\generated\rvsimple\constants.h.sv = src\Metron\generated\rvsimple\constants.h.sv
		src\Metron\generated\rvsimple\control_transfer.h.sv = src\Metron\generated\rvsimple\control_transfer.h.sv
		src\Metron\generated\rvsimple\data_memory_interface.h.sv = src\Metron\generated\rvsimple\data_memory_interface.h.sv
		src\Metron\generated\rvsimple\example_data_memory.h.sv = src\Metron\generated\rvsimple\example_data_memory.h.sv
		src\Metron\generated\rvsimple\example_data_memory_bus.h.sv = src\Metron\generated\rvsimple\example_data_memory_bus.h.sv
		src\Metron\generated\rvsimple\example_text_memory.h.sv = src\Metron\generated\rvsimple\example_text_memory.h.sv
		src\Metron\generated\rvsimple\example_text_memory_bus.h.sv = src\Metron\generated\rvsimple\example_text_memory_bus.h.sv
		src\Metron\generated\rvsimple\immediate_generator.h.sv = src\Metron\generated\rvsimple\immediate_generator.h.sv
		src\Metron\generated\rvsimple\instruction_decoder.h.sv = src\Metron\generated\rvsimple\instruction_decoder.h.sv
		src\Metron\generated\rvsimple\multiplexer.h.sv = src\Metron\generated\rvsimple\multiplexer.h.sv
		src\Metron\generated\rvsimple\multiplexer2.h.sv = src\Metron\generated\rvsimple\multiplexer2.h.sv
		src\Metron\generated\rvsimple\multiplexer4.h.sv = src\Metron\generated\rvsimple\multiplexer4.h.sv
		src\Metron\generated\rvsimple\multiplexer8.h.sv = src\Metron\generated\rvsimple\multiplexer8.h.sv
		src\Metron\generated\rvsimple\regfile.h.sv = src\Metron\generated\rvsimple\regfile.h.sv
		src\Metron\generated\rvsimple\register.h.sv = src\Metron\generated\rvsimple\register.h.sv
		src\Metron\generated\rvsimple\riscv_core.h.sv = src\Metron\generated\rvsimple\riscv_core.h.sv
		src\Metron\generated\rvsimple\singlecycle_control.h.sv = src\Metron\generated\rvsimple\singlecycle_control.h.sv
		src\Metron\generated\rvsimple\singlecycle_ctlpath.h.sv = src\Metron\generated\rvsimple\singlecycle_ctlpath.h.sv
		src\Metron\generated\rvsimple\singlecycle_datapath.h.sv = src\Metron\generated\rvsimple\singlecycle_datapath.h.sv
		src\Metron\generated\rvsimple\toplevel.h.sv = src\Metron\generated\rvsimple\toplevel.h.sv
	EndProjectSection
EndProject
Global
	GlobalSection(SolutionConfigurationPlatforms) = preSolution
		Debug|x64 = Debug|x64
		Debug|x86 = Debug|x86
		Fast|x64 = Fast|x64
		Fast|x86 = Fast|x86
		Regression|x64 = Regression|x64
		Regression|x86 = Regression|x86
		Release|x64 = Release|x64
		Release|x86 = Release|x86
	EndGlobalSection
	GlobalSection(ProjectConfigurationPlatforms) = postSolution
		{6E04C36F-3672-4257-B250-DA34DA7F6A42}.Debug|x64.ActiveCfg = Debug|x64
		{6E04C36F-3672-4257-B250-DA34DA7F6A42}.Debug|x64.Build.0 = Debug|x64
		{6E04C36F-3672-4257-B250-DA34DA7F6A42}.Debug|x86.ActiveCfg = Debug|x64
		{6E04C36F-3672-4257-B250-DA34DA7F6A42}.Fast|x64.ActiveCfg = Fast|x64
		{6E04C36F-3672-4257-B250-DA34DA7F6A42}.Fast|x64.Build.0 = Fast|x64
		{6E04C36F-3672-4257-B250-DA34DA7F6A42}.Fast|x86.ActiveCfg = Fast|x64
		{6E04C36F-3672-4257-B250-DA34DA7F6A42}.Regression|x64.ActiveCfg = Regression|x64
		{6E04C36F-3672-4257-B250-DA34DA7F6A42}.Regression|x64.Build.0 = Regression|x64
		{6E04C36F-3672-4257-B250-DA34DA7F6A42}.Regression|x86.ActiveCfg = Regression|x64
		{6E04C36F-3672-4257-B250-DA34DA7F6A42}.Regression|x86.Build.0 = Regression|x64
		{6E04C36F-3672-4257-B250-DA34DA7F6A42}.Release|x64.ActiveCfg = Release|x64
		{6E04C36F-3672-4257-B250-DA34DA7F6A42}.Release|x64.Build.0 = Release|x64
		{6E04C36F-3672-4257-B250-DA34DA7F6A42}.Release|x86.ActiveCfg = Release|x64
		{422DFD70-AFBE-4065-A188-C100C5D48A3E}.Debug|x64.ActiveCfg = Debug|x64
		{422DFD70-AFBE-4065-A188-C100C5D48A3E}.Debug|x64.Build.0 = Debug|x64
		{422DFD70-AFBE-4065-A188-C100C5D48A3E}.Debug|x86.ActiveCfg = Debug|x64
		{422DFD70-AFBE-4065-A188-C100C5D48A3E}.Fast|x64.ActiveCfg = Fast|x64
		{422DFD70-AFBE-4065-A188-C100C5D48A3E}.Fast|x64.Build.0 = Fast|x64
		{422DFD70-AFBE-4065-A188-C100C5D48A3E}.Fast|x86.ActiveCfg = Fast|x64
		{422DFD70-AFBE-4065-A188-C100C5D48A3E}.Regression|x64.ActiveCfg = Regression|x64
		{422DFD70-AFBE-4065-A188-C100C5D48A3E}.Regression|x64.Build.0 = Regression|x64
		{422DFD70-AFBE-4065-A188-C100C5D48A3E}.Regression|x86.ActiveCfg = Regression|x64
		{422DFD70-AFBE-4065-A188-C100C5D48A3E}.Regression|x86.Build.0 = Regression|x64
		{422DFD70-AFBE-4065-A188-C100C5D48A3E}.Release|x64.ActiveCfg = Release|x64
		{422DFD70-AFBE-4065-A188-C100C5D48A3E}.Release|x64.Build.0 = Release|x64
		{422DFD70-AFBE-4065-A188-C100C5D48A3E}.Release|x86.ActiveCfg = Release|x64
		{D49827C4-6D3C-4913-8A4B-4859BA529A5D}.Debug|x64.ActiveCfg = Debug|x64
		{D49827C4-6D3C-4913-8A4B-4859BA529A5D}.Debug|x64.Build.0 = Debug|x64
		{D49827C4-6D3C-4913-8A4B-4859BA529A5D}.Debug|x86.ActiveCfg = Debug|x64
		{D49827C4-6D3C-4913-8A4B-4859BA529A5D}.Fast|x64.ActiveCfg = Fast|x64
		{D49827C4-6D3C-4913-8A4B-4859BA529A5D}.Fast|x64.Build.0 = Fast|x64
		{D49827C4-6D3C-4913-8A4B-4859BA529A5D}.Fast|x86.ActiveCfg = Fast|x64
		{D49827C4-6D3C-4913-8A4B-4859BA529A5D}.Regression|x64.ActiveCfg = Regression|x64
		{D49827C4-6D3C-4913-8A4B-4859BA529A5D}.Regression|x64.Build.0 = Regression|x64
		{D49827C4-6D3C-4913-8A4B-4859BA529A5D}.Regression|x86.ActiveCfg = Regression|x64
		{D49827C4-6D3C-4913-8A4B-4859BA529A5D}.Regression|x86.Build.0 = Regression|x64
		{D49827C4-6D3C-4913-8A4B-4859BA529A5D}.Release|x64.ActiveCfg = Release|x64
		{D49827C4-6D3C-4913-8A4B-4859BA529A5D}.Release|x64.Build.0 = Release|x64
		{D49827C4-6D3C-4913-8A4B-4859BA529A5D}.Release|x86.ActiveCfg = Release|x64
		{65F1BEA1-A088-47CC-842E-8560A22101B5}.Debug|x64.ActiveCfg = Debug|x64
		{65F1BEA1-A088-47CC-842E-8560A22101B5}.Debug|x64.Build.0 = Debug|x64
		{65F1BEA1-A088-47CC-842E-8560A22101B5}.Debug|x86.ActiveCfg = Debug|x64
		{65F1BEA1-A088-47CC-842E-8560A22101B5}.Fast|x64.ActiveCfg = Fast|x64
		{65F1BEA1-A088-47CC-842E-8560A22101B5}.Fast|x64.Build.0 = Fast|x64
		{65F1BEA1-A088-47CC-842E-8560A22101B5}.Fast|x86.ActiveCfg = Fast|x64
		{65F1BEA1-A088-47CC-842E-8560A22101B5}.Regression|x64.ActiveCfg = Regression|x64
		{65F1BEA1-A088-47CC-842E-8560A22101B5}.Regression|x64.Build.0 = Regression|x64
		{65F1BEA1-A088-47CC-842E-8560A22101B5}.Regression|x86.ActiveCfg = Regression|x64
		{65F1BEA1-A088-47CC-842E-8560A22101B5}.Regression|x86.Build.0 = Regression|x64
		{65F1BEA1-A088-47CC-842E-8560A22101B5}.Release|x64.ActiveCfg = Release|x64
		{65F1BEA1-A088-47CC-842E-8560A22101B5}.Release|x64.Build.0 = Release|x64
		{65F1BEA1-A088-47CC-842E-8560A22101B5}.Release|x86.ActiveCfg = Release|x64
		{DD435BF9-43AE-4066-A8A3-F7BEE8D28AD2}.Debug|x64.ActiveCfg = Debug|x64
		{DD435BF9-43AE-4066-A8A3-F7BEE8D28AD2}.Debug|x64.Build.0 = Debug|x64
		{DD435BF9-43AE-4066-A8A3-F7BEE8D28AD2}.Debug|x86.ActiveCfg = Debug|x64
		{DD435BF9-43AE-4066-A8A3-F7BEE8D28AD2}.Fast|x64.ActiveCfg = Fast|x64
		{DD435BF9-43AE-4066-A8A3-F7BEE8D28AD2}.Fast|x64.Build.0 = Fast|x64
		{DD435BF9-43AE-4066-A8A3-F7BEE8D28AD2}.Fast|x86.ActiveCfg = Fast|x64
		{DD435BF9-43AE-4066-A8A3-F7BEE8D28AD2}.Regression|x64.ActiveCfg = Regression|x64
		{DD435BF9-43AE-4066-A8A3-F7BEE8D28AD2}.Regression|x64.Build.0 = Regression|x64
		{DD435BF9-43AE-4066-A8A3-F7BEE8D28AD2}.Regression|x86.ActiveCfg = Regression|x64
		{DD435BF9-43AE-4066-A8A3-F7BEE8D28AD2}.Regression|x86.Build.0 = Regression|x64
		{DD435BF9-43AE-4066-A8A3-F7BEE8D28AD2}.Release|x64.ActiveCfg = Release|x64
		{DD435BF9-43AE-4066-A8A3-F7BEE8D28AD2}.Release|x64.Build.0 = Release|x64
		{DD435BF9-43AE-4066-A8A3-F7BEE8D28AD2}.Release|x86.ActiveCfg = Release|x64
		{85AA9C7C-DC6D-4666-AF72-A6F97A3E0DEA}.Debug|x64.ActiveCfg = Debug|x64
		{85AA9C7C-DC6D-4666-AF72-A6F97A3E0DEA}.Debug|x64.Build.0 = Debug|x64
		{85AA9C7C-DC6D-4666-AF72-A6F97A3E0DEA}.Debug|x86.ActiveCfg = Debug|x64
		{85AA9C7C-DC6D-4666-AF72-A6F97A3E0DEA}.Fast|x64.ActiveCfg = Fast|x64
		{85AA9C7C-DC6D-4666-AF72-A6F97A3E0DEA}.Fast|x64.Build.0 = Fast|x64
		{85AA9C7C-DC6D-4666-AF72-A6F97A3E0DEA}.Fast|x86.ActiveCfg = Fast|x64
		{85AA9C7C-DC6D-4666-AF72-A6F97A3E0DEA}.Regression|x64.ActiveCfg = Regression|x64
		{85AA9C7C-DC6D-4666-AF72-A6F97A3E0DEA}.Regression|x64.Build.0 = Regression|x64
		{85AA9C7C-DC6D-4666-AF72-A6F97A3E0DEA}.Regression|x86.ActiveCfg = Regression|x64
		{85AA9C7C-DC6D-4666-AF72-A6F97A3E0DEA}.Regression|x86.Build.0 = Regression|x64
		{85AA9C7C-DC6D-4666-AF72-A6F97A3E0DEA}.Release|x64.ActiveCfg = Release|x64
		{85AA9C7C-DC6D-4666-AF72-A6F97A3E0DEA}.Release|x64.Build.0 = Release|x64
		{85AA9C7C-DC6D-4666-AF72-A6F97A3E0DEA}.Release|x86.ActiveCfg = Release|x64
		{887D1DCF-E7BA-4497-9755-101E6C5BBBD1}.Debug|x64.ActiveCfg = Debug|x64
		{887D1DCF-E7BA-4497-9755-101E6C5BBBD1}.Debug|x64.Build.0 = Debug|x64
		{887D1DCF-E7BA-4497-9755-101E6C5BBBD1}.Debug|x86.ActiveCfg = Debug|x64
		{887D1DCF-E7BA-4497-9755-101E6C5BBBD1}.Fast|x64.ActiveCfg = Fast|x64
		{887D1DCF-E7BA-4497-9755-101E6C5BBBD1}.Fast|x64.Build.0 = Fast|x64
		{887D1DCF-E7BA-4497-9755-101E6C5BBBD1}.Fast|x86.ActiveCfg = Fast|x64
		{887D1DCF-E7BA-4497-9755-101E6C5BBBD1}.Regression|x64.ActiveCfg = Regression|x64
		{887D1DCF-E7BA-4497-9755-101E6C5BBBD1}.Regression|x64.Build.0 = Regression|x64
		{887D1DCF-E7BA-4497-9755-101E6C5BBBD1}.Regression|x86.ActiveCfg = Regression|x64
		{887D1DCF-E7BA-4497-9755-101E6C5BBBD1}.Regression|x86.Build.0 = Regression|x64
		{887D1DCF-E7BA-4497-9755-101E6C5BBBD1}.Release|x64.ActiveCfg = Release|x64
		{887D1DCF-E7BA-4497-9755-101E6C5BBBD1}.Release|x64.Build.0 = Release|x64
		{887D1DCF-E7BA-4497-9755-101E6C5BBBD1}.Release|x86.ActiveCfg = Release|x64
		{B508ED94-47CC-425C-B2F0-D9278A262207}.Debug|x64.ActiveCfg = Debug|x64
		{B508ED94-47CC-425C-B2F0-D9278A262207}.Debug|x64.Build.0 = Debug|x64
		{B508ED94-47CC-425C-B2F0-D9278A262207}.Debug|x86.ActiveCfg = Debug|x64
		{B508ED94-47CC-425C-B2F0-D9278A262207}.Fast|x64.ActiveCfg = Fast|x64
		{B508ED94-47CC-425C-B2F0-D9278A262207}.Fast|x64.Build.0 = Fast|x64
		{B508ED94-47CC-425C-B2F0-D9278A262207}.Fast|x86.ActiveCfg = Fast|x64
		{B508ED94-47CC-425C-B2F0-D9278A262207}.Regression|x64.ActiveCfg = Regression|x64
		{B508ED94-47CC-425C-B2F0-D9278A262207}.Regression|x64.Build.0 = Regression|x64
		{B508ED94-47CC-425C-B2F0-D9278A262207}.Regression|x86.ActiveCfg = Regression|x64
		{B508ED94-47CC-425C-B2F0-D9278A262207}.Regression|x86.Build.0 = Regression|x64
		{B508ED94-47CC-425C-B2F0-D9278A262207}.Release|x64.ActiveCfg = Release|x64
		{B508ED94-47CC-425C-B2F0-D9278A262207}.Release|x64.Build.0 = Release|x64
		{B508ED94-47CC-425C-B2F0-D9278A262207}.Release|x86.ActiveCfg = Release|x64
		{102DDF49-D6E2-4B48-8FBB-739003ACE370}.Debug|x64.ActiveCfg = Debug|x64
		{102DDF49-D6E2-4B48-8FBB-739003ACE370}.Debug|x64.Build.0 = Debug|x64
		{102DDF49-D6E2-4B48-8FBB-739003ACE370}.Debug|x86.ActiveCfg = Debug|x64
		{102DDF49-D6E2-4B48-8FBB-739003ACE370}.Fast|x64.ActiveCfg = Fast|x64
		{102DDF49-D6E2-4B48-8FBB-739003ACE370}.Fast|x64.Build.0 = Fast|x64
		{102DDF49-D6E2-4B48-8FBB-739003ACE370}.Fast|x86.ActiveCfg = Fast|x64
		{102DDF49-D6E2-4B48-8FBB-739003ACE370}.Regression|x64.ActiveCfg = Regression|x64
		{102DDF49-D6E2-4B48-8FBB-739003ACE370}.Regression|x64.Build.0 = Regression|x64
		{102DDF49-D6E2-4B48-8FBB-739003ACE370}.Regression|x86.ActiveCfg = Regression|x64
		{102DDF49-D6E2-4B48-8FBB-739003ACE370}.Regression|x86.Build.0 = Regression|x64
		{102DDF49-D6E2-4B48-8FBB-739003ACE370}.Release|x64.ActiveCfg = Release|x64
		{102DDF49-D6E2-4B48-8FBB-739003ACE370}.Release|x64.Build.0 = Release|x64
		{102DDF49-D6E2-4B48-8FBB-739003ACE370}.Release|x86.ActiveCfg = Release|x64
		{66066533-DE54-4241-8C3F-15FC0D993537}.Debug|x64.ActiveCfg = Debug|x64
		{66066533-DE54-4241-8C3F-15FC0D993537}.Debug|x64.Build.0 = Debug|x64
		{66066533-DE54-4241-8C3F-15FC0D993537}.Debug|x86.ActiveCfg = Debug|Win32
		{66066533-DE54-4241-8C3F-15FC0D993537}.Debug|x86.Build.0 = Debug|Win32
		{66066533-DE54-4241-8C3F-15FC0D993537}.Fast|x64.ActiveCfg = Debug|x64
		{66066533-DE54-4241-8C3F-15FC0D993537}.Fast|x64.Build.0 = Debug|x64
		{66066533-DE54-4241-8C3F-15FC0D993537}.Fast|x86.ActiveCfg = Debug|Win32
		{66066533-DE54-4241-8C3F-15FC0D993537}.Fast|x86.Build.0 = Debug|Win32
		{66066533-DE54-4241-8C3F-15FC0D993537}.Regression|x64.ActiveCfg = Release|x64
		{66066533-DE54-4241-8C3F-15FC0D993537}.Regression|x64.Build.0 = Release|x64
		{66066533-DE54-4241-8C3F-15FC0D993537}.Regression|x86.ActiveCfg = Release|Win32
		{66066533-DE54-4241-8C3F-15FC0D993537}.Regression|x86.Build.0 = Release|Win32
		{66066533-DE54-4241-8C3F-15FC0D993537}.Release|x64.ActiveCfg = Release|x64
		{66066533-DE54-4241-8C3F-15FC0D993537}.Release|x64.Build.0 = Release|x64
		{66066533-DE54-4241-8C3F-15FC0D993537}.Release|x86.ActiveCfg = Release|Win32
		{66066533-DE54-4241-8C3F-15FC0D993537}.Release|x86.Build.0 = Release|Win32
		{876DB2BF-A5DA-4E00-8AE0-EC9DC8AD5BC5}.Debug|x64.ActiveCfg = Debug|x64
		{876DB2BF-A5DA-4E00-8AE0-EC9DC8AD5BC5}.Debug|x64.Build.0 = Debug|x64
		{876DB2BF-A5DA-4E00-8AE0-EC9DC8AD5BC5}.Debug|x86.ActiveCfg = Debug|Win32
		{876DB2BF-A5DA-4E00-8AE0-EC9DC8AD5BC5}.Debug|x86.Build.0 = Debug|Win32
		{876DB2BF-A5DA-4E00-8AE0-EC9DC8AD5BC5}.Fast|x64.ActiveCfg = Debug|x64
		{876DB2BF-A5DA-4E00-8AE0-EC9DC8AD5BC5}.Fast|x64.Build.0 = Debug|x64
		{876DB2BF-A5DA-4E00-8AE0-EC9DC8AD5BC5}.Fast|x86.ActiveCfg = Debug|Win32
		{876DB2BF-A5DA-4E00-8AE0-EC9DC8AD5BC5}.Fast|x86.Build.0 = Debug|Win32
		{876DB2BF-A5DA-4E00-8AE0-EC9DC8AD5BC5}.Regression|x64.ActiveCfg = Release|x64
		{876DB2BF-A5DA-4E00-8AE0-EC9DC8AD5BC5}.Regression|x64.Build.0 = Release|x64
		{876DB2BF-A5DA-4E00-8AE0-EC9DC8AD5BC5}.Regression|x86.ActiveCfg = Release|Win32
		{876DB2BF-A5DA-4E00-8AE0-EC9DC8AD5BC5}.Regression|x86.Build.0 = Release|Win32
		{876DB2BF-A5DA-4E00-8AE0-EC9DC8AD5BC5}.Release|x64.ActiveCfg = Release|x64
		{876DB2BF-A5DA-4E00-8AE0-EC9DC8AD5BC5}.Release|x64.Build.0 = Release|x64
		{876DB2BF-A5DA-4E00-8AE0-EC9DC8AD5BC5}.Release|x86.ActiveCfg = Release|Win32
		{876DB2BF-A5DA-4E00-8AE0-EC9DC8AD5BC5}.Release|x86.Build.0 = Release|Win32
		{73D9A771-6462-4D34-93E4-08620FFFBE0F}.Debug|x64.ActiveCfg = Debug|x64
		{73D9A771-6462-4D34-93E4-08620FFFBE0F}.Debug|x64.Build.0 = Debug|x64
		{73D9A771-6462-4D34-93E4-08620FFFBE0F}.Debug|x86.ActiveCfg = Debug|Win32
		{73D9A771-6462-4D34-93E4-08620FFFBE0F}.Debug|x86.Build.0 = Debug|Win32
		{73D9A771-6462-4D34-93E4-08620FFFBE0F}.Fast|x64.ActiveCfg = Debug|x64
		{73D9A771-6462-4D34-93E4-08620FFFBE0F}.Fast|x64.Build.0 = Debug|x64
		{73D9A771-6462-4D34-93E4-08620FFFBE0F}.Fast|x86.ActiveCfg = Debug|Win32
		{73D9A771-6462-4D34-93E4-08620FFFBE0F}.Fast|x86.Build.0 = Debug|Win32
		{73D9A771-6462-4D34-93E4-08620FFFBE0F}.Regression|x64.ActiveCfg = Release|x64
		{73D9A771-6462-4D34-93E4-08620FFFBE0F}.Regression|x64.Build.0 = Release|x64
		{73D9A771-6462-4D34-93E4-08620FFFBE0F}.Regression|x86.ActiveCfg = Release|Win32
		{73D9A771-6462-4D34-93E4-08620FFFBE0F}.Regression|x86.Build.0 = Release|Win32
		{73D9A771-6462-4D34-93E4-08620FFFBE0F}.Release|x64.ActiveCfg = Release|x64
		{73D9A771-6462-4D34-93E4-08620FFFBE0F}.Release|x64.Build.0 = Release|x64
		{73D9A771-6462-4D34-93E4-08620FFFBE0F}.Release|x86.ActiveCfg = Release|Win32
		{73D9A771-6462-4D34-93E4-08620FFFBE0F}.Release|x86.Build.0 = Release|Win32
		{50CBE33D-A4AE-4202-B80D-49F27ECD10E2}.Debug|x64.ActiveCfg = Debug|x64
		{50CBE33D-A4AE-4202-B80D-49F27ECD10E2}.Debug|x64.Build.0 = Debug|x64
		{50CBE33D-A4AE-4202-B80D-49F27ECD10E2}.Debug|x86.ActiveCfg = Debug|Win32
		{50CBE33D-A4AE-4202-B80D-49F27ECD10E2}.Debug|x86.Build.0 = Debug|Win32
		{50CBE33D-A4AE-4202-B80D-49F27ECD10E2}.Fast|x64.ActiveCfg = Debug|x64
		{50CBE33D-A4AE-4202-B80D-49F27ECD10E2}.Fast|x64.Build.0 = Debug|x64
		{50CBE33D-A4AE-4202-B80D-49F27ECD10E2}.Fast|x86.ActiveCfg = Debug|Win32
		{50CBE33D-A4AE-4202-B80D-49F27ECD10E2}.Fast|x86.Build.0 = Debug|Win32
		{50CBE33D-A4AE-4202-B80D-49F27ECD10E2}.Regression|x64.ActiveCfg = Release|x64
		{50CBE33D-A4AE-4202-B80D-49F27ECD10E2}.Regression|x64.Build.0 = Release|x64
		{50CBE33D-A4AE-4202-B80D-49F27ECD10E2}.Regression|x86.ActiveCfg = Release|Win32
		{50CBE33D-A4AE-4202-B80D-49F27ECD10E2}.Regression|x86.Build.0 = Release|Win32
		{50CBE33D-A4AE-4202-B80D-49F27ECD10E2}.Release|x64.ActiveCfg = Release|x64
		{50CBE33D-A4AE-4202-B80D-49F27ECD10E2}.Release|x64.Build.0 = Release|x64
		{50CBE33D-A4AE-4202-B80D-49F27ECD10E2}.Release|x86.ActiveCfg = Release|Win32
		{50CBE33D-A4AE-4202-B80D-49F27ECD10E2}.Release|x86.Build.0 = Release|Win32
	EndGlobalSection
	GlobalSection(SolutionProperties) = preSolution
		HideSolutionNode = FALSE
	EndGlobalSection
	GlobalSection(NestedProjects) = preSolution
		{6E04C36F-3672-4257-B250-DA34DA7F6A42} = {8BFC4262-B3BA-4CB6-8199-FE4EF2E72406}
		{422DFD70-AFBE-4065-A188-C100C5D48A3E} = {5C8B46FF-6852-4892-B0A9-D9647A6DB8EA}
		{D49827C4-6D3C-4913-8A4B-4859BA529A5D} = {5C8B46FF-6852-4892-B0A9-D9647A6DB8EA}
		{65F1BEA1-A088-47CC-842E-8560A22101B5} = {5C8B46FF-6852-4892-B0A9-D9647A6DB8EA}
		{DD435BF9-43AE-4066-A8A3-F7BEE8D28AD2} = {8BFC4262-B3BA-4CB6-8199-FE4EF2E72406}
		{85AA9C7C-DC6D-4666-AF72-A6F97A3E0DEA} = {043F7473-BACD-4D7B-AF7D-B6B438D14BCC}
		{887D1DCF-E7BA-4497-9755-101E6C5BBBD1} = {043F7473-BACD-4D7B-AF7D-B6B438D14BCC}
		{B508ED94-47CC-425C-B2F0-D9278A262207} = {043F7473-BACD-4D7B-AF7D-B6B438D14BCC}
		{102DDF49-D6E2-4B48-8FBB-739003ACE370} = {167A0946-F6E3-4840-8E9C-C3E5DD96D71F}
		{66066533-DE54-4241-8C3F-15FC0D993537} = {FA08421C-2CF6-4839-8A75-CFD3ADBD9E35}
		{876DB2BF-A5DA-4E00-8AE0-EC9DC8AD5BC5} = {FA08421C-2CF6-4839-8A75-CFD3ADBD9E35}
		{73D9A771-6462-4D34-93E4-08620FFFBE0F} = {FA08421C-2CF6-4839-8A75-CFD3ADBD9E35}
		{50CBE33D-A4AE-4202-B80D-49F27ECD10E2} = {FA08421C-2CF6-4839-8A75-CFD3ADBD9E35}
		{9E7E904C-1F1B-40D1-93BA-FCB5FA6155FE} = {FA08421C-2CF6-4839-8A75-CFD3ADBD9E35}
		{19FBF839-DE03-487A-A74D-7CBFA7095E7C} = {FA08421C-2CF6-4839-8A75-CFD3ADBD9E35}
	EndGlobalSection
	GlobalSection(ExtensibilityGlobals) = postSolution
		SolutionGuid = {98604A08-7834-4268-B908-11FE80403D7A}
	EndGlobalSection
EndGlobal
