Microsoft Visual Studio Solution File, Format Version 12.00
# Visual Studio Version 16
VisualStudioVersion = 16.0.29306.81
MinimumVisualStudioVersion = 10.0.40219.1
Project("{8BC9CEB8-8B4A-11D0-8D11-00A0C91BC942}") = "CoreLib", "CoreLib\CoreLib.vcxproj", "{6E04C36F-3672-4257-B250-DA34DA7F6A42}"
EndProject
Project("{8BC9CEB8-8B4A-11D0-8D11-00A0C91BC942}") = "GateBoyApp", "GateBoyApp\GateBoyApp.vcxproj", "{422DFD70-AFBE-4065-A188-C100C5D48A3E}"
	ProjectSection(ProjectDependencies) = postProject
		{6E04C36F-3672-4257-B250-DA34DA7F6A42} = {6E04C36F-3672-4257-B250-DA34DA7F6A42}
		{D49827C4-6D3C-4913-8A4B-4859BA529A5D} = {D49827C4-6D3C-4913-8A4B-4859BA529A5D}
		{DD435BF9-43AE-4066-A8A3-F7BEE8D28AD2} = {DD435BF9-43AE-4066-A8A3-F7BEE8D28AD2}
	EndProjectSection
EndProject
Project("{8BC9CEB8-8B4A-11D0-8D11-00A0C91BC942}") = "GateBoyLib", "GateBoyLib\GateBoyLib.vcxproj", "{D49827C4-6D3C-4913-8A4B-4859BA529A5D}"
	ProjectSection(ProjectDependencies) = postProject
		{6E04C36F-3672-4257-B250-DA34DA7F6A42} = {6E04C36F-3672-4257-B250-DA34DA7F6A42}
	EndProjectSection
EndProject
Project("{8BC9CEB8-8B4A-11D0-8D11-00A0C91BC942}") = "GateBoyTests", "GateBoyTests\GateBoyTests.vcxproj", "{65F1BEA1-A088-47CC-842E-8560A22101B5}"
	ProjectSection(ProjectDependencies) = postProject
		{6E04C36F-3672-4257-B250-DA34DA7F6A42} = {6E04C36F-3672-4257-B250-DA34DA7F6A42}
		{D49827C4-6D3C-4913-8A4B-4859BA529A5D} = {D49827C4-6D3C-4913-8A4B-4859BA529A5D}
	EndProjectSection
EndProject
Project("{8BC9CEB8-8B4A-11D0-8D11-00A0C91BC942}") = "AppLib", "AppLib\AppLib.vcxproj", "{DD435BF9-43AE-4066-A8A3-F7BEE8D28AD2}"
	ProjectSection(ProjectDependencies) = postProject
		{6E04C36F-3672-4257-B250-DA34DA7F6A42} = {6E04C36F-3672-4257-B250-DA34DA7F6A42}
	EndProjectSection
EndProject
Project("{8BC9CEB8-8B4A-11D0-8D11-00A0C91BC942}") = "MetroBoyApp", "MetroBoyApp\MetroBoyApp.vcxproj", "{85AA9C7C-DC6D-4666-AF72-A6F97A3E0DEA}"
	ProjectSection(ProjectDependencies) = postProject
		{6E04C36F-3672-4257-B250-DA34DA7F6A42} = {6E04C36F-3672-4257-B250-DA34DA7F6A42}
		{887D1DCF-E7BA-4497-9755-101E6C5BBBD1} = {887D1DCF-E7BA-4497-9755-101E6C5BBBD1}
		{DD435BF9-43AE-4066-A8A3-F7BEE8D28AD2} = {DD435BF9-43AE-4066-A8A3-F7BEE8D28AD2}
	EndProjectSection
EndProject
Project("{8BC9CEB8-8B4A-11D0-8D11-00A0C91BC942}") = "MetroBoyLib", "MetroBoyLib\MetroBoyLib.vcxproj", "{887D1DCF-E7BA-4497-9755-101E6C5BBBD1}"
EndProject
Project("{8BC9CEB8-8B4A-11D0-8D11-00A0C91BC942}") = "MetroBoyTests", "MetroBoyTests\MetroBoyTests.vcxproj", "{B508ED94-47CC-425C-B2F0-D9278A262207}"
EndProject
Global
	GlobalSection(SolutionConfigurationPlatforms) = preSolution
		Debug|x64 = Debug|x64
		Release|x64 = Release|x64
	EndGlobalSection
	GlobalSection(ProjectConfigurationPlatforms) = postSolution
		{6E04C36F-3672-4257-B250-DA34DA7F6A42}.Debug|x64.ActiveCfg = Debug|x64
		{6E04C36F-3672-4257-B250-DA34DA7F6A42}.Debug|x64.Build.0 = Debug|x64
		{6E04C36F-3672-4257-B250-DA34DA7F6A42}.Release|x64.ActiveCfg = Release|x64
		{6E04C36F-3672-4257-B250-DA34DA7F6A42}.Release|x64.Build.0 = Release|x64
		{422DFD70-AFBE-4065-A188-C100C5D48A3E}.Debug|x64.ActiveCfg = Debug|x64
		{422DFD70-AFBE-4065-A188-C100C5D48A3E}.Debug|x64.Build.0 = Debug|x64
		{422DFD70-AFBE-4065-A188-C100C5D48A3E}.Release|x64.ActiveCfg = Release|x64
		{422DFD70-AFBE-4065-A188-C100C5D48A3E}.Release|x64.Build.0 = Release|x64
		{D49827C4-6D3C-4913-8A4B-4859BA529A5D}.Debug|x64.ActiveCfg = Debug|x64
		{D49827C4-6D3C-4913-8A4B-4859BA529A5D}.Debug|x64.Build.0 = Debug|x64
		{D49827C4-6D3C-4913-8A4B-4859BA529A5D}.Release|x64.ActiveCfg = Release|x64
		{D49827C4-6D3C-4913-8A4B-4859BA529A5D}.Release|x64.Build.0 = Release|x64
		{65F1BEA1-A088-47CC-842E-8560A22101B5}.Debug|x64.ActiveCfg = Debug|x64
		{65F1BEA1-A088-47CC-842E-8560A22101B5}.Debug|x64.Build.0 = Debug|x64
		{65F1BEA1-A088-47CC-842E-8560A22101B5}.Release|x64.ActiveCfg = Release|x64
		{65F1BEA1-A088-47CC-842E-8560A22101B5}.Release|x64.Build.0 = Release|x64
		{DD435BF9-43AE-4066-A8A3-F7BEE8D28AD2}.Debug|x64.ActiveCfg = Debug|x64
		{DD435BF9-43AE-4066-A8A3-F7BEE8D28AD2}.Debug|x64.Build.0 = Debug|x64
		{DD435BF9-43AE-4066-A8A3-F7BEE8D28AD2}.Release|x64.ActiveCfg = Release|x64
		{DD435BF9-43AE-4066-A8A3-F7BEE8D28AD2}.Release|x64.Build.0 = Release|x64
		{85AA9C7C-DC6D-4666-AF72-A6F97A3E0DEA}.Debug|x64.ActiveCfg = Debug|x64
		{85AA9C7C-DC6D-4666-AF72-A6F97A3E0DEA}.Debug|x64.Build.0 = Debug|x64
		{85AA9C7C-DC6D-4666-AF72-A6F97A3E0DEA}.Release|x64.ActiveCfg = Release|x64
		{85AA9C7C-DC6D-4666-AF72-A6F97A3E0DEA}.Release|x64.Build.0 = Release|x64
		{887D1DCF-E7BA-4497-9755-101E6C5BBBD1}.Debug|x64.ActiveCfg = Debug|x64
		{887D1DCF-E7BA-4497-9755-101E6C5BBBD1}.Debug|x64.Build.0 = Debug|x64
		{887D1DCF-E7BA-4497-9755-101E6C5BBBD1}.Release|x64.ActiveCfg = Release|x64
		{887D1DCF-E7BA-4497-9755-101E6C5BBBD1}.Release|x64.Build.0 = Release|x64
		{B508ED94-47CC-425C-B2F0-D9278A262207}.Debug|x64.ActiveCfg = Debug|x64
		{B508ED94-47CC-425C-B2F0-D9278A262207}.Debug|x64.Build.0 = Debug|x64
		{B508ED94-47CC-425C-B2F0-D9278A262207}.Release|x64.ActiveCfg = Release|x64
		{B508ED94-47CC-425C-B2F0-D9278A262207}.Release|x64.Build.0 = Release|x64
	EndGlobalSection
	GlobalSection(SolutionProperties) = preSolution
		HideSolutionNode = FALSE
	EndGlobalSection
	GlobalSection(ExtensibilityGlobals) = postSolution
		SolutionGuid = {98604A08-7834-4268-B908-11FE80403D7A}
	EndGlobalSection
EndGlobal
